<?xml version="1.0" encoding="utf-8"?>
<Project ToolsVersion="4.0" xmlns="http://schemas.microsoft.com/developer/msbuild/2003">
  <ItemGroup>
    <Filter Include="Source Files">
      <UniqueIdentifier>{4FC737F1-C7A5-4376-A066-2A32D752A2FF}</UniqueIdentifier>
      <Extensions>cpp;c;cc;cxx;c++;cppm;ixx;def;odl;idl;hpj;bat;asm;asmx</Extensions>
    </Filter>
    <Filter Include="Header Files">
      <UniqueIdentifier>{93995380-89BD-4b04-88EB-625FBE52EBFB}</UniqueIdentifier>
      <Extensions>h;hh;hpp;hxx;h++;hm;inl;inc;ipp;xsd</Extensions>
    </Filter>
    <Filter Include="Resource Files">
      <UniqueIdentifier>{67DA6AB6-F800-4c08-8B7A-83BB121AAD01}</UniqueIdentifier>
      <Extensions>rc;ico;cur;bmp;dlg;rc2;rct;bin;rgs;gif;jpg;jpeg;jpe;resx;tiff;tif;png;wav;mfcribbon-ms</Extensions>
    </Filter>
    <Filter Include="Header Files\Entity">
      <UniqueIdentifier>{ba220b45-94ed-4ba1-9ee4-8b0133dde2ed}</UniqueIdentifier>
    </Filter>
    <Filter Include="Header Files\Entity\Player">
      <UniqueIdentifier>{285bd407-00ed-4187-868d-9a2f63f788e2}</UniqueIdentifier>
    </Filter>
    <Filter Include="Header Files\Location">
      <UniqueIdentifier>{fa7fb11f-74a0-4bfd-a1e0-049c58dc0489}</UniqueIdentifier>
    </Filter>
    <Filter Include="Source Files\Entity">
      <UniqueIdentifier>{bc83fe38-f3e4-49ca-833b-7da69310858d}</UniqueIdentifier>
    </Filter>
    <Filter Include="Source Files\Entity\Player">
      <UniqueIdentifier>{1027bbad-0dcf-47b0-b8e1-ec9c66e01e05}</UniqueIdentifier>
    </Filter>
    <Filter Include="Source Files\Location">
      <UniqueIdentifier>{cf732444-32d6-4c58-a77d-f26167dd98ea}</UniqueIdentifier>
    </Filter>
  </ItemGroup>
  <ItemGroup>
    <ClCompile Include="FightManager.cpp">
      <Filter>Source Files</Filter>
    </ClCompile>
    <ClCompile Include="Game.cpp">
      <Filter>Source Files</Filter>
    </ClCompile>
    <ClCompile Include="Main.cpp">
      <Filter>Source Files</Filter>
    </ClCompile>
    <ClCompile Include="Ability.cpp">
      <Filter>Source Files</Filter>
    </ClCompile>
    <ClCompile Include="Item.cpp">
      <Filter>Source Files</Filter>
    </ClCompile>
    <ClCompile Include="Enemy.cpp">
      <Filter>Source Files\Entity</Filter>
    </ClCompile>
    <ClCompile Include="Entity.cpp">
      <Filter>Source Files\Entity</Filter>
    </ClCompile>
    <ClCompile Include="Player.cpp">
      <Filter>Source Files\Entity\Player</Filter>
    </ClCompile>
    <ClCompile Include="Rogue.cpp">
      <Filter>Source Files\Entity\Player</Filter>
    </ClCompile>
    <ClCompile Include="Warrior.cpp">
      <Filter>Source Files\Entity\Player</Filter>
    </ClCompile>
    <ClCompile Include="Mage.cpp">
      <Filter>Source Files\Entity\Player</Filter>
    </ClCompile>
    <ClCompile Include="Arena.cpp">
      <Filter>Source Files\Location</Filter>
    </ClCompile>
    <ClCompile Include="Location.cpp">
      <Filter>Source Files\Location</Filter>
    </ClCompile>
    <ClCompile Include="Shop.cpp">
      <Filter>Source Files\Location</Filter>
    </ClCompile>
    <ClCompile Include="Trainer.cpp">
      <Filter>Source Files\Location</Filter>
    </ClCompile>
    <ClCompile Include="PlayerRoom.cpp">
      <Filter>Source Files\Location</Filter>
    </ClCompile>
    <ClCompile Include="PlayerClass.cpp">
      <Filter>Source Files\Entity\Player</Filter>
    </ClCompile>
    <ClCompile Include="LocationOption.cpp">
      <Filter>Source Files\Location</Filter>
    </ClCompile>
    <ClCompile Include="TownManager.cpp">
      <Filter>Source Files\Location</Filter>
    </ClCompile>
    <ClCompile Include="Consumable.cpp">
      <Filter>Source Files</Filter>
    </ClCompile>
    <ClCompile Include="Inventory.cpp">
      <Filter>Source Files</Filter>
    </ClCompile>
    <ClCompile Include="Wearable.cpp">
      <Filter>Source Files</Filter>
    </ClCompile>
  </ItemGroup>
  <ItemGroup>
    <ClInclude Include="Game.h">
      <Filter>Header Files</Filter>
    </ClInclude>
    <ClInclude Include="FightManager.h">
      <Filter>Header Files</Filter>
    </ClInclude>
    <ClInclude Include="Ability.h">
      <Filter>Header Files</Filter>
    </ClInclude>
    <ClInclude Include="Item.h">
      <Filter>Header Files</Filter>
    </ClInclude>
    <ClInclude Include="Entity.h">
      <Filter>Header Files\Entity</Filter>
    </ClInclude>
    <ClInclude Include="Enemy.h">
      <Filter>Header Files\Entity</Filter>
    </ClInclude>
    <ClInclude Include="Warrior.h">
      <Filter>Header Files\Entity\Player</Filter>
    </ClInclude>
    <ClInclude Include="Rogue.h">
      <Filter>Header Files\Entity\Player</Filter>
    </ClInclude>
    <ClInclude Include="Mage.h">
      <Filter>Header Files\Entity\Player</Filter>
    </ClInclude>
    <ClInclude Include="Player.h">
      <Filter>Header Files\Entity\Player</Filter>
    </ClInclude>
    <ClInclude Include="Location.h">
      <Filter>Header Files\Location</Filter>
    </ClInclude>
    <ClInclude Include="LocationOption.h">
      <Filter>Header Files\Location</Filter>
    </ClInclude>
    <ClInclude Include="Shop.h">
      <Filter>Header Files\Location</Filter>
    </ClInclude>
    <ClInclude Include="Trainer.h">
      <Filter>Header Files\Location</Filter>
    </ClInclude>
    <ClInclude Include="TownManager.h">
      <Filter>Header Files\Location</Filter>
    </ClInclude>
    <ClInclude Include="PlayerRoom.h">
      <Filter>Header Files\Location</Filter>
    </ClInclude>
    <ClInclude Include="Arena.h">
      <Filter>Header Files\Location</Filter>
    </ClInclude>
    <ClInclude Include="PlayerClass.h">
      <Filter>Header Files\Entity\Player</Filter>
    </ClInclude>
    <ClInclude Include="Consumable.h">
      <Filter>Header Files</Filter>
    </ClInclude>
    <ClInclude Include="Wearable.h">
      <Filter>Header Files</Filter>
    </ClInclude>
    <ClInclude Include="Inventory.h">
      <Filter>Header Files</Filter>
    </ClInclude>
  </ItemGroup>
</Project>