<?xml version="1.0" encoding="utf-8"?>
<Project ToolsVersion="4.0" xmlns="http://schemas.microsoft.com/developer/msbuild/2003">
  <ItemGroup>
    <Filter Include="Source Files">
      <UniqueIdentifier>{4FC737F1-C7A5-4376-A066-2A32D752A2FF}</UniqueIdentifier>
      <Extensions>cpp;c;cc;cxx;def;odl;idl;hpj;bat;asm;asmx</Extensions>
    </Filter>
    <Filter Include="Header Files">
      <UniqueIdentifier>{93995380-89BD-4b04-88EB-625FBE52EBFB}</UniqueIdentifier>
      <Extensions>h;hh;hpp;hxx;hm;inl;inc;xsd</Extensions>
    </Filter>
    <Filter Include="Resource Files">
      <UniqueIdentifier>{67DA6AB6-F800-4c08-8B7A-83BB121AAD01}</UniqueIdentifier>
      <Extensions>rc;ico;cur;bmp;dlg;rc2;rct;bin;rgs;gif;jpg;jpeg;jpe;resx;tiff;tif;png;wav</Extensions>
    </Filter>
  </ItemGroup>
  <ItemGroup>
    <ClCompile Include="arenasimnew\Ability.cpp">
      <Filter>Source Files</Filter>
    </ClCompile>
    <ClCompile Include="arenasimnew\Enemy.cpp">
      <Filter>Source Files</Filter>
    </ClCompile>
    <ClCompile Include="arenasimnew\Entity.cpp">
      <Filter>Source Files</Filter>
    </ClCompile>
    <ClCompile Include="arenasimnew\FightManager.cpp">
      <Filter>Source Files</Filter>
    </ClCompile>
    <ClCompile Include="arenasimnew\Game.cpp">
      <Filter>Source Files</Filter>
    </ClCompile>
    <ClCompile Include="arenasimnew\Location.cpp">
      <Filter>Source Files</Filter>
    </ClCompile>
    <ClCompile Include="arenasimnew\LocationOption.cpp">
      <Filter>Source Files</Filter>
    </ClCompile>
    <ClCompile Include="arenasimnew\Mage.cpp">
      <Filter>Source Files</Filter>
    </ClCompile>
    <ClCompile Include="arenasimnew\Main.cpp">
      <Filter>Source Files</Filter>
    </ClCompile>
    <ClCompile Include="arenasimnew\Player.cpp">
      <Filter>Source Files</Filter>
    </ClCompile>
    <ClCompile Include="arenasimnew\PlayerClass.cpp">
      <Filter>Source Files</Filter>
    </ClCompile>
    <ClCompile Include="arenasimnew\PlayerRoom.cpp">
      <Filter>Source Files</Filter>
    </ClCompile>
    <ClCompile Include="arenasimnew\Rogue.cpp">
      <Filter>Source Files</Filter>
    </ClCompile>
    <ClCompile Include="arenasimnew\Shop.cpp">
      <Filter>Source Files</Filter>
    </ClCompile>
    <ClCompile Include="arenasimnew\TownManager.cpp">
      <Filter>Source Files</Filter>
    </ClCompile>
    <ClCompile Include="arenasimnew\Trainer.cpp">
      <Filter>Source Files</Filter>
    </ClCompile>
    <ClCompile Include="arenasimnew\Warrior.cpp">
      <Filter>Source Files</Filter>
    </ClCompile>
  </ItemGroup>
  <ItemGroup>
    <ClInclude Include="arenasimnew\Ability.h">
      <Filter>Header Files</Filter>
    </ClInclude>
    <ClInclude Include="arenasimnew\Arena.h">
      <Filter>Header Files</Filter>
    </ClInclude>
    <ClInclude Include="arenasimnew\Enemy.h">
      <Filter>Header Files</Filter>
    </ClInclude>
    <ClInclude Include="arenasimnew\Entity.h">
      <Filter>Header Files</Filter>
    </ClInclude>
    <ClInclude Include="arenasimnew\FightManager.h">
      <Filter>Header Files</Filter>
    </ClInclude>
    <ClInclude Include="arenasimnew\Game.h">
      <Filter>Header Files</Filter>
    </ClInclude>
    <ClInclude Include="arenasimnew\Location.h">
      <Filter>Header Files</Filter>
    </ClInclude>
    <ClInclude Include="arenasimnew\LocationOption.h">
      <Filter>Header Files</Filter>
    </ClInclude>
    <ClInclude Include="arenasimnew\Mage.h">
      <Filter>Header Files</Filter>
    </ClInclude>
    <ClInclude Include="arenasimnew\Player.h">
      <Filter>Header Files</Filter>
    </ClInclude>
    <ClInclude Include="arenasimnew\PlayerClass.h">
      <Filter>Header Files</Filter>
    </ClInclude>
    <ClInclude Include="arenasimnew\PlayerRoom.h">
      <Filter>Header Files</Filter>
    </ClInclude>
    <ClInclude Include="arenasimnew\Rogue.h">
      <Filter>Header Files</Filter>
    </ClInclude>
    <ClInclude Include="arenasimnew\Shop.h">
      <Filter>Header Files</Filter>
    </ClInclude>
    <ClInclude Include="arenasimnew\TownManager.h">
      <Filter>Header Files</Filter>
    </ClInclude>
    <ClInclude Include="arenasimnew\Trainer.h">
      <Filter>Header Files</Filter>
    </ClInclude>
    <ClInclude Include="arenasimnew\Warrior.h">
      <Filter>Header Files</Filter>
    </ClInclude>
  </ItemGroup>
</Project>